Microsoft Visual Studio Solution File, Format Version 12.00
# Visual Studio Version 17
VisualStudioVersion = 17.5.2.0
MinimumVisualStudioVersion = 10.0.40219.1
Project("{FAE04EC0-301F-11D3-BF4B-00C04F79EFBC}") = "api_Despesas", "api_Despesas\api_Despesas.csproj", "{B2A35594-E1A7-E20F-1991-28601ED6945D}"
EndProject
Global
	GlobalSection(SolutionConfigurationPlatforms) = preSolution
		Debug|Any CPU = Debug|Any CPU
		Release|Any CPU = Release|Any CPU
	EndGlobalSection
	GlobalSection(ProjectConfigurationPlatforms) = postSolution
		{B2A35594-E1A7-E20F-1991-28601ED6945D}.Debug|Any CPU.ActiveCfg = Debug|Any CPU
		{B2A35594-E1A7-E20F-1991-28601ED6945D}.Debug|Any CPU.Build.0 = Debug|Any CPU
		{B2A35594-E1A7-E20F-1991-28601ED6945D}.Release|Any CPU.ActiveCfg = Release|Any CPU
		{B2A35594-E1A7-E20F-1991-28601ED6945D}.Release|Any CPU.Build.0 = Release|Any CPU
	EndGlobalSection
	GlobalSection(SolutionProperties) = preSolution
		HideSolutionNode = FALSE
	EndGlobalSection
	GlobalSection(ExtensibilityGlobals) = postSolution
		SolutionGuid = {46E3F116-22C0-44F4-8BC3-9C58FC64B81B}
	EndGlobalSection
EndGlobal
